
Microsoft Visual Studio Solution File, Format Version 11.00
# Visual Studio 2010
Project("{FAE04EC0-301F-11D3-BF4B-00C04F79EFBC}") = "Assembly-CSharp", "Assembly-CSharp.csproj", "{42acde28-72b7-fee8-5bd2-f53c7b8e5d39}"
EndProject
Project("{FAE04EC0-301F-11D3-BF4B-00C04F79EFBC}") = "Assembly-CSharp-Editor", "Assembly-CSharp-Editor.csproj", "{614d1532-3197-18f3-74af-5f847405f871}"
EndProject
Global
	GlobalSection(SolutionConfigurationPlatforms) = preSolution
		Debug|Any CPU = Debug|Any CPU
	EndGlobalSection
	GlobalSection(ProjectConfigurationPlatforms) = postSolution
		{42acde28-72b7-fee8-5bd2-f53c7b8e5d39}.Debug|Any CPU.ActiveCfg = Debug|Any CPU
		{42acde28-72b7-fee8-5bd2-f53c7b8e5d39}.Debug|Any CPU.Build.0 = Debug|Any CPU
		{614d1532-3197-18f3-74af-5f847405f871}.Debug|Any CPU.ActiveCfg = Debug|Any CPU
		{614d1532-3197-18f3-74af-5f847405f871}.Debug|Any CPU.Build.0 = Debug|Any CPU
	EndGlobalSection
	GlobalSection(SolutionProperties) = preSolution
		HideSolutionNode = FALSE
	EndGlobalSection
EndGlobal
